
Microsoft Visual Studio Solution File, Format Version 10.00
# Visual Studio 2008
Project("{FAE04EC0-301F-11D3-BF4B-00C04F79EFBC}") = "MobilePayment", "MobilePayment\MobilePayment.csproj", "{D3A9C685-D7F9-48AC-869A-C7A5BBFA891A}"
EndProject
Project("{FAE04EC0-301F-11D3-BF4B-00C04F79EFBC}") = "Model", "Model\Model.csproj", "{41294DF7-E9E4-43E6-A71A-E2B0FCF3F853}"
EndProject
Project("{B900F1C2-3D47-4FEC-85B3-04AAF18C3634}") = "Setup", "Setup\Setup.vddproj", "{2D26B97A-6A62-43D4-971C-C431A68538BA}"
EndProject
Project("{FAE04EC0-301F-11D3-BF4B-00C04F79EFBC}") = "Comm", "Comm\Comm.csproj", "{6D2AA419-2A39-4E93-A842-7A6DD75F2D81}"
EndProject
Project("{FAE04EC0-301F-11D3-BF4B-00C04F79EFBC}") = "WSForSM90", "WSForSM90\WSForSM90.csproj", "{687A0512-A3A0-44BA-9697-0163E85120D8}"
EndProject
Project("{FAE04EC0-301F-11D3-BF4B-00C04F79EFBC}") = "CodeBetter.Json.CF", "..\..\..\C.Component\J.JSON\C.CodeBetter.JSON\trunk\CodeBetter.Json.CF.csproj", "{8FA552DE-9A01-49D5-B58B-6104269E80E8}"
EndProject
Global
	GlobalSection(SolutionConfigurationPlatforms) = preSolution
		Debug|Any CPU = Debug|Any CPU
		Release|Any CPU = Release|Any CPU
	EndGlobalSection
	GlobalSection(ProjectConfigurationPlatforms) = postSolution
		{D3A9C685-D7F9-48AC-869A-C7A5BBFA891A}.Debug|Any CPU.ActiveCfg = Debug|Any CPU
		{D3A9C685-D7F9-48AC-869A-C7A5BBFA891A}.Debug|Any CPU.Build.0 = Debug|Any CPU
		{D3A9C685-D7F9-48AC-869A-C7A5BBFA891A}.Debug|Any CPU.Deploy.0 = Debug|Any CPU
		{D3A9C685-D7F9-48AC-869A-C7A5BBFA891A}.Release|Any CPU.ActiveCfg = Release|Any CPU
		{D3A9C685-D7F9-48AC-869A-C7A5BBFA891A}.Release|Any CPU.Build.0 = Release|Any CPU
		{D3A9C685-D7F9-48AC-869A-C7A5BBFA891A}.Release|Any CPU.Deploy.0 = Release|Any CPU
		{41294DF7-E9E4-43E6-A71A-E2B0FCF3F853}.Debug|Any CPU.ActiveCfg = Debug|Any CPU
		{41294DF7-E9E4-43E6-A71A-E2B0FCF3F853}.Debug|Any CPU.Build.0 = Debug|Any CPU
		{41294DF7-E9E4-43E6-A71A-E2B0FCF3F853}.Release|Any CPU.ActiveCfg = Release|Any CPU
		{41294DF7-E9E4-43E6-A71A-E2B0FCF3F853}.Release|Any CPU.Build.0 = Release|Any CPU
		{2D26B97A-6A62-43D4-971C-C431A68538BA}.Debug|Any CPU.ActiveCfg = Debug
		{2D26B97A-6A62-43D4-971C-C431A68538BA}.Release|Any CPU.ActiveCfg = Release
		{6D2AA419-2A39-4E93-A842-7A6DD75F2D81}.Debug|Any CPU.ActiveCfg = Debug|Any CPU
		{6D2AA419-2A39-4E93-A842-7A6DD75F2D81}.Debug|Any CPU.Build.0 = Debug|Any CPU
		{6D2AA419-2A39-4E93-A842-7A6DD75F2D81}.Release|Any CPU.ActiveCfg = Release|Any CPU
		{6D2AA419-2A39-4E93-A842-7A6DD75F2D81}.Release|Any CPU.Build.0 = Release|Any CPU
		{687A0512-A3A0-44BA-9697-0163E85120D8}.Debug|Any CPU.ActiveCfg = Debug|Any CPU
		{687A0512-A3A0-44BA-9697-0163E85120D8}.Debug|Any CPU.Build.0 = Debug|Any CPU
		{687A0512-A3A0-44BA-9697-0163E85120D8}.Release|Any CPU.ActiveCfg = Release|Any CPU
		{687A0512-A3A0-44BA-9697-0163E85120D8}.Release|Any CPU.Build.0 = Release|Any CPU
		{8FA552DE-9A01-49D5-B58B-6104269E80E8}.Debug|Any CPU.ActiveCfg = Debug|Any CPU
		{8FA552DE-9A01-49D5-B58B-6104269E80E8}.Debug|Any CPU.Build.0 = Debug|Any CPU
		{8FA552DE-9A01-49D5-B58B-6104269E80E8}.Release|Any CPU.ActiveCfg = Release|Any CPU
		{8FA552DE-9A01-49D5-B58B-6104269E80E8}.Release|Any CPU.Build.0 = Release|Any CPU
	EndGlobalSection
	GlobalSection(SolutionProperties) = preSolution
		HideSolutionNode = FALSE
	EndGlobalSection
EndGlobal
